// !$*UTF8*$!
{
	archiveVersion = 1;
	classes = {
	};
	objectVersion = 56;
	objects = {

/* Begin PBXBuildFile section */
		102B203F2C60722B00DCE393 /* BeChatApp.swift in Sources */ = {isa = PBXBuildFile; fileRef = 102B203E2C60722B00DCE393 /* BeChatApp.swift */; };
		102B20412C60722B00DCE393 /* ContentView.swift in Sources */ = {isa = PBXBuildFile; fileRef = 102B20402C60722B00DCE393 /* ContentView.swift */; };
		102B20432C60722C00DCE393 /* Assets.xcassets in Resources */ = {isa = PBXBuildFile; fileRef = 102B20422C60722C00DCE393 /* Assets.xcassets */; };
		102B20462C60722C00DCE393 /* Preview Assets.xcassets in Resources */ = {isa = PBXBuildFile; fileRef = 102B20452C60722C00DCE393 /* Preview Assets.xcassets */; };
		102B204D2C60730300DCE393 /* GoogleService-Info.plist in Resources */ = {isa = PBXBuildFile; fileRef = 102B204C2C60730300DCE393 /* GoogleService-Info.plist */; };
		102B20502C6075B100DCE393 /* FirebaseAnalytics in Frameworks */ = {isa = PBXBuildFile; productRef = 102B204F2C6075B100DCE393 /* FirebaseAnalytics */; };
		102B20522C6075B100DCE393 /* FirebaseAuth in Frameworks */ = {isa = PBXBuildFile; productRef = 102B20512C6075B100DCE393 /* FirebaseAuth */; };
		102B20542C6075B100DCE393 /* FirebaseDatabase in Frameworks */ = {isa = PBXBuildFile; productRef = 102B20532C6075B100DCE393 /* FirebaseDatabase */; };
		102B20562C6075B100DCE393 /* FirebaseFirestore in Frameworks */ = {isa = PBXBuildFile; productRef = 102B20552C6075B100DCE393 /* FirebaseFirestore */; };
		102B20582C6075B100DCE393 /* FirebaseFirestoreCombine-Community in Frameworks */ = {isa = PBXBuildFile; productRef = 102B20572C6075B100DCE393 /* FirebaseFirestoreCombine-Community */; };
		102B205A2C6075B100DCE393 /* FirebaseInAppMessaging-Beta in Frameworks */ = {isa = PBXBuildFile; productRef = 102B20592C6075B100DCE393 /* FirebaseInAppMessaging-Beta */; };
		102B205C2C6075B100DCE393 /* FirebaseMessaging in Frameworks */ = {isa = PBXBuildFile; productRef = 102B205B2C6075B100DCE393 /* FirebaseMessaging */; };
		102B205E2C6075B100DCE393 /* FirebaseStorage in Frameworks */ = {isa = PBXBuildFile; productRef = 102B205D2C6075B100DCE393 /* FirebaseStorage */; };
		102B20612C6077E500DCE393 /* MessageProtocol.swift in Sources */ = {isa = PBXBuildFile; fileRef = 102B20602C6077E500DCE393 /* MessageProtocol.swift */; };
		102B20642C60782100DCE393 /* Message.swift in Sources */ = {isa = PBXBuildFile; fileRef = 102B20632C60782100DCE393 /* Message.swift */; };
		102B20662C60786B00DCE393 /* AuthenticatedUser.swift in Sources */ = {isa = PBXBuildFile; fileRef = 102B20652C60786B00DCE393 /* AuthenticatedUser.swift */; };
		102B20682C607B0600DCE393 /* AuthProtocol.swift in Sources */ = {isa = PBXBuildFile; fileRef = 102B20672C607B0600DCE393 /* AuthProtocol.swift */; };
/* End PBXBuildFile section */

/* Begin PBXFileReference section */
		102B203B2C60722B00DCE393 /* BeChat.app */ = {isa = PBXFileReference; explicitFileType = wrapper.application; includeInIndex = 0; path = BeChat.app; sourceTree = BUILT_PRODUCTS_DIR; };
		102B203E2C60722B00DCE393 /* BeChatApp.swift */ = {isa = PBXFileReference; lastKnownFileType = sourcecode.swift; path = BeChatApp.swift; sourceTree = "<group>"; };
		102B20402C60722B00DCE393 /* ContentView.swift */ = {isa = PBXFileReference; lastKnownFileType = sourcecode.swift; path = ContentView.swift; sourceTree = "<group>"; };
		102B20422C60722C00DCE393 /* Assets.xcassets */ = {isa = PBXFileReference; lastKnownFileType = folder.assetcatalog; path = Assets.xcassets; sourceTree = "<group>"; };
		102B20452C60722C00DCE393 /* Preview Assets.xcassets */ = {isa = PBXFileReference; lastKnownFileType = folder.assetcatalog; path = "Preview Assets.xcassets"; sourceTree = "<group>"; };
		102B204C2C60730300DCE393 /* GoogleService-Info.plist */ = {isa = PBXFileReference; fileEncoding = 4; lastKnownFileType = text.plist.xml; path = "GoogleService-Info.plist"; sourceTree = "<group>"; };
		102B20602C6077E500DCE393 /* MessageProtocol.swift */ = {isa = PBXFileReference; lastKnownFileType = sourcecode.swift; path = MessageProtocol.swift; sourceTree = "<group>"; };
		102B20632C60782100DCE393 /* Message.swift */ = {isa = PBXFileReference; lastKnownFileType = sourcecode.swift; path = Message.swift; sourceTree = "<group>"; };
		102B20652C60786B00DCE393 /* AuthenticatedUser.swift */ = {isa = PBXFileReference; lastKnownFileType = sourcecode.swift; path = AuthenticatedUser.swift; sourceTree = "<group>"; };
		102B20672C607B0600DCE393 /* AuthProtocol.swift */ = {isa = PBXFileReference; lastKnownFileType = sourcecode.swift; path = AuthProtocol.swift; sourceTree = "<group>"; };
/* End PBXFileReference section */

/* Begin PBXFrameworksBuildPhase section */
		102B20382C60722B00DCE393 /* Frameworks */ = {
			isa = PBXFrameworksBuildPhase;
			buildActionMask = 2147483647;
			files = (
				102B20542C6075B100DCE393 /* FirebaseDatabase in Frameworks */,
				102B20562C6075B100DCE393 /* FirebaseFirestore in Frameworks */,
				102B205C2C6075B100DCE393 /* FirebaseMessaging in Frameworks */,
				102B20502C6075B100DCE393 /* FirebaseAnalytics in Frameworks */,
				102B20582C6075B100DCE393 /* FirebaseFirestoreCombine-Community in Frameworks */,
				102B205E2C6075B100DCE393 /* FirebaseStorage in Frameworks */,
				102B20522C6075B100DCE393 /* FirebaseAuth in Frameworks */,
				102B205A2C6075B100DCE393 /* FirebaseInAppMessaging-Beta in Frameworks */,
			);
			runOnlyForDeploymentPostprocessing = 0;
		};
/* End PBXFrameworksBuildPhase section */

/* Begin PBXGroup section */
		102B20322C60722B00DCE393 = {
			isa = PBXGroup;
			children = (
				102B203D2C60722B00DCE393 /* BeChat */,
				102B203C2C60722B00DCE393 /* Products */,
			);
			sourceTree = "<group>";
		};
		102B203C2C60722B00DCE393 /* Products */ = {
			isa = PBXGroup;
			children = (
				102B203B2C60722B00DCE393 /* BeChat.app */,
			);
			name = Products;
			sourceTree = "<group>";
		};
		102B203D2C60722B00DCE393 /* BeChat */ = {
			isa = PBXGroup;
			children = (
				102B203E2C60722B00DCE393 /* BeChatApp.swift */,
				102B20402C60722B00DCE393 /* ContentView.swift */,
				102B20422C60722C00DCE393 /* Assets.xcassets */,
				102B20622C6077EC00DCE393 /* DataModel */,
				102B205F2C6077C000DCE393 /* Protocols */,
				102B20442C60722C00DCE393 /* Preview Content */,
				102B204C2C60730300DCE393 /* GoogleService-Info.plist */,
			);
			path = BeChat;
			sourceTree = "<group>";
		};
		102B20442C60722C00DCE393 /* Preview Content */ = {
			isa = PBXGroup;
			children = (
				102B20452C60722C00DCE393 /* Preview Assets.xcassets */,
			);
			path = "Preview Content";
			sourceTree = "<group>";
		};
		102B205F2C6077C000DCE393 /* Protocols */ = {
			isa = PBXGroup;
			children = (
				102B20602C6077E500DCE393 /* MessageProtocol.swift */,
				102B20672C607B0600DCE393 /* AuthProtocol.swift */,
			);
			path = Protocols;
			sourceTree = "<group>";
		};
		102B20622C6077EC00DCE393 /* DataModel */ = {
			isa = PBXGroup;
			children = (
				102B20632C60782100DCE393 /* Message.swift */,
				102B20652C60786B00DCE393 /* AuthenticatedUser.swift */,
			);
			path = DataModel;
			sourceTree = "<group>";
		};
/* End PBXGroup section */

/* Begin PBXNativeTarget section */
		102B203A2C60722B00DCE393 /* BeChat */ = {
			isa = PBXNativeTarget;
			buildConfigurationList = 102B20492C60722C00DCE393 /* Build configuration list for PBXNativeTarget "BeChat" */;
			buildPhases = (
				102B20372C60722B00DCE393 /* Sources */,
				102B20382C60722B00DCE393 /* Frameworks */,
				102B20392C60722B00DCE393 /* Resources */,
			);
			buildRules = (
			);
			dependencies = (
			);
			name = BeChat;
			packageProductDependencies = (
				102B204F2C6075B100DCE393 /* FirebaseAnalytics */,
				102B20512C6075B100DCE393 /* FirebaseAuth */,
				102B20532C6075B100DCE393 /* FirebaseDatabase */,
				102B20552C6075B100DCE393 /* FirebaseFirestore */,
				102B20572C6075B100DCE393 /* FirebaseFirestoreCombine-Community */,
				102B20592C6075B100DCE393 /* FirebaseInAppMessaging-Beta */,
				102B205B2C6075B100DCE393 /* FirebaseMessaging */,
				102B205D2C6075B100DCE393 /* FirebaseStorage */,
			);
			productName = BeChat;
			productReference = 102B203B2C60722B00DCE393 /* BeChat.app */;
			productType = "com.apple.product-type.application";
		};
/* End PBXNativeTarget section */

/* Begin PBXProject section */
		102B20332C60722B00DCE393 /* Project object */ = {
			isa = PBXProject;
			attributes = {
				BuildIndependentTargetsInParallel = 1;
				LastSwiftUpdateCheck = 1540;
				LastUpgradeCheck = 1540;
				TargetAttributes = {
					102B203A2C60722B00DCE393 = {
						CreatedOnToolsVersion = 15.4;
					};
				};
			};
			buildConfigurationList = 102B20362C60722B00DCE393 /* Build configuration list for PBXProject "BeChat" */;
			compatibilityVersion = "Xcode 14.0";
			developmentRegion = en;
			hasScannedForEncodings = 0;
			knownRegions = (
				en,
				Base,
			);
			mainGroup = 102B20322C60722B00DCE393;
			packageReferences = (
				102B204E2C6075B100DCE393 /* XCRemoteSwiftPackageReference "firebase-ios-sdk" */,
			);
			productRefGroup = 102B203C2C60722B00DCE393 /* Products */;
			projectDirPath = "";
			projectRoot = "";
			targets = (
				102B203A2C60722B00DCE393 /* BeChat */,
			);
		};
/* End PBXProject section */

/* Begin PBXResourcesBuildPhase section */
		102B20392C60722B00DCE393 /* Resources */ = {
			isa = PBXResourcesBuildPhase;
			buildActionMask = 2147483647;
			files = (
				102B20462C60722C00DCE393 /* Preview Assets.xcassets in Resources */,
				102B20432C60722C00DCE393 /* Assets.xcassets in Resources */,
				102B204D2C60730300DCE393 /* GoogleService-Info.plist in Resources */,
			);
			runOnlyForDeploymentPostprocessing = 0;
		};
/* End PBXResourcesBuildPhase section */

/* Begin PBXSourcesBuildPhase section */
		102B20372C60722B00DCE393 /* Sources */ = {
			isa = PBXSourcesBuildPhase;
			buildActionMask = 2147483647;
			files = (
				102B20412C60722B00DCE393 /* ContentView.swift in Sources */,
				102B20682C607B0600DCE393 /* AuthProtocol.swift in Sources */,
				102B20662C60786B00DCE393 /* AuthenticatedUser.swift in Sources */,
				102B20642C60782100DCE393 /* Message.swift in Sources */,
				102B20612C6077E500DCE393 /* MessageProtocol.swift in Sources */,
				102B203F2C60722B00DCE393 /* BeChatApp.swift in Sources */,
			);
			runOnlyForDeploymentPostprocessing = 0;
		};
/* End PBXSourcesBuildPhase section */

/* Begin XCBuildConfiguration section */
		102B20472C60722C00DCE393 /* Debug */ = {
			isa = XCBuildConfiguration;
			buildSettings = {
				ALWAYS_SEARCH_USER_PATHS = NO;
				ASSETCATALOG_COMPILER_GENERATE_SWIFT_ASSET_SYMBOL_EXTENSIONS = YES;
				CLANG_ANALYZER_NONNULL = YES;
				CLANG_ANALYZER_NUMBER_OBJECT_CONVERSION = YES_AGGRESSIVE;
				CLANG_CXX_LANGUAGE_STANDARD = "gnu++20";
				CLANG_ENABLE_MODULES = YES;
				CLANG_ENABLE_OBJC_ARC = YES;
				CLANG_ENABLE_OBJC_WEAK = YES;
				CLANG_WARN_BLOCK_CAPTURE_AUTORELEASING = YES;
				CLANG_WARN_BOOL_CONVERSION = YES;
				CLANG_WARN_COMMA = YES;
				CLANG_WARN_CONSTANT_CONVERSION = YES;
				CLANG_WARN_DEPRECATED_OBJC_IMPLEMENTATIONS = YES;
				CLANG_WARN_DIRECT_OBJC_ISA_USAGE = YES_ERROR;
				CLANG_WARN_DOCUMENTATION_COMMENTS = YES;
				CLANG_WARN_EMPTY_BODY = YES;
				CLANG_WARN_ENUM_CONVERSION = YES;
				CLANG_WARN_INFINITE_RECURSION = YES;
				CLANG_WARN_INT_CONVERSION = YES;
				CLANG_WARN_NON_LITERAL_NULL_CONVERSION = YES;
				CLANG_WARN_OBJC_IMPLICIT_RETAIN_SELF = YES;
				CLANG_WARN_OBJC_LITERAL_CONVERSION = YES;
				CLANG_WARN_OBJC_ROOT_CLASS = YES_ERROR;
				CLANG_WARN_QUOTED_INCLUDE_IN_FRAMEWORK_HEADER = YES;
				CLANG_WARN_RANGE_LOOP_ANALYSIS = YES;
				CLANG_WARN_STRICT_PROTOTYPES = YES;
				CLANG_WARN_SUSPICIOUS_MOVE = YES;
				CLANG_WARN_UNGUARDED_AVAILABILITY = YES_AGGRESSIVE;
				CLANG_WARN_UNREACHABLE_CODE = YES;
				CLANG_WARN__DUPLICATE_METHOD_MATCH = YES;
				COPY_PHASE_STRIP = NO;
				DEBUG_INFORMATION_FORMAT = dwarf;
				ENABLE_STRICT_OBJC_MSGSEND = YES;
				ENABLE_TESTABILITY = YES;
				ENABLE_USER_SCRIPT_SANDBOXING = YES;
				GCC_C_LANGUAGE_STANDARD = gnu17;
				GCC_DYNAMIC_NO_PIC = NO;
				GCC_NO_COMMON_BLOCKS = YES;
				GCC_OPTIMIZATION_LEVEL = 0;
				GCC_PREPROCESSOR_DEFINITIONS = (
					"DEBUG=1",
					"$(inherited)",
				);
				GCC_WARN_64_TO_32_BIT_CONVERSION = YES;
				GCC_WARN_ABOUT_RETURN_TYPE = YES_ERROR;
				GCC_WARN_UNDECLARED_SELECTOR = YES;
				GCC_WARN_UNINITIALIZED_AUTOS = YES_AGGRESSIVE;
				GCC_WARN_UNUSED_FUNCTION = YES;
				GCC_WARN_UNUSED_VARIABLE = YES;
				IPHONEOS_DEPLOYMENT_TARGET = 17.5;
				LOCALIZATION_PREFERS_STRING_CATALOGS = YES;
				MTL_ENABLE_DEBUG_INFO = INCLUDE_SOURCE;
				MTL_FAST_MATH = YES;
				ONLY_ACTIVE_ARCH = YES;
				SDKROOT = iphoneos;
				SWIFT_ACTIVE_COMPILATION_CONDITIONS = "DEBUG $(inherited)";
				SWIFT_OPTIMIZATION_LEVEL = "-Onone";
			};
			name = Debug;
		};
		102B20482C60722C00DCE393 /* Release */ = {
			isa = XCBuildConfiguration;
			buildSettings = {
				ALWAYS_SEARCH_USER_PATHS = NO;
				ASSETCATALOG_COMPILER_GENERATE_SWIFT_ASSET_SYMBOL_EXTENSIONS = YES;
				CLANG_ANALYZER_NONNULL = YES;
				CLANG_ANALYZER_NUMBER_OBJECT_CONVERSION = YES_AGGRESSIVE;
				CLANG_CXX_LANGUAGE_STANDARD = "gnu++20";
				CLANG_ENABLE_MODULES = YES;
				CLANG_ENABLE_OBJC_ARC = YES;
				CLANG_ENABLE_OBJC_WEAK = YES;
				CLANG_WARN_BLOCK_CAPTURE_AUTORELEASING = YES;
				CLANG_WARN_BOOL_CONVERSION = YES;
				CLANG_WARN_COMMA = YES;
				CLANG_WARN_CONSTANT_CONVERSION = YES;
				CLANG_WARN_DEPRECATED_OBJC_IMPLEMENTATIONS = YES;
				CLANG_WARN_DIRECT_OBJC_ISA_USAGE = YES_ERROR;
				CLANG_WARN_DOCUMENTATION_COMMENTS = YES;
				CLANG_WARN_EMPTY_BODY = YES;
				CLANG_WARN_ENUM_CONVERSION = YES;
				CLANG_WARN_INFINITE_RECURSION = YES;
				CLANG_WARN_INT_CONVERSION = YES;
				CLANG_WARN_NON_LITERAL_NULL_CONVERSION = YES;
				CLANG_WARN_OBJC_IMPLICIT_RETAIN_SELF = YES;
				CLANG_WARN_OBJC_LITERAL_CONVERSION = YES;
				CLANG_WARN_OBJC_ROOT_CLASS = YES_ERROR;
				CLANG_WARN_QUOTED_INCLUDE_IN_FRAMEWORK_HEADER = YES;
				CLANG_WARN_RANGE_LOOP_ANALYSIS = YES;
				CLANG_WARN_STRICT_PROTOTYPES = YES;
				CLANG_WARN_SUSPICIOUS_MOVE = YES;
				CLANG_WARN_UNGUARDED_AVAILABILITY = YES_AGGRESSIVE;
				CLANG_WARN_UNREACHABLE_CODE = YES;
				CLANG_WARN__DUPLICATE_METHOD_MATCH = YES;
				COPY_PHASE_STRIP = NO;
				DEBUG_INFORMATION_FORMAT = "dwarf-with-dsym";
				ENABLE_NS_ASSERTIONS = NO;
				ENABLE_STRICT_OBJC_MSGSEND = YES;
				ENABLE_USER_SCRIPT_SANDBOXING = YES;
				GCC_C_LANGUAGE_STANDARD = gnu17;
				GCC_NO_COMMON_BLOCKS = YES;
				GCC_WARN_64_TO_32_BIT_CONVERSION = YES;
				GCC_WARN_ABOUT_RETURN_TYPE = YES_ERROR;
				GCC_WARN_UNDECLARED_SELECTOR = YES;
				GCC_WARN_UNINITIALIZED_AUTOS = YES_AGGRESSIVE;
				GCC_WARN_UNUSED_FUNCTION = YES;
				GCC_WARN_UNUSED_VARIABLE = YES;
				IPHONEOS_DEPLOYMENT_TARGET = 17.5;
				LOCALIZATION_PREFERS_STRING_CATALOGS = YES;
				MTL_ENABLE_DEBUG_INFO = NO;
				MTL_FAST_MATH = YES;
				SDKROOT = iphoneos;
				SWIFT_COMPILATION_MODE = wholemodule;
				VALIDATE_PRODUCT = YES;
			};
			name = Release;
		};
		102B204A2C60722C00DCE393 /* Debug */ = {
			isa = XCBuildConfiguration;
			buildSettings = {
				ASSETCATALOG_COMPILER_APPICON_NAME = AppIcon;
				ASSETCATALOG_COMPILER_GLOBAL_ACCENT_COLOR_NAME = AccentColor;
				CODE_SIGN_STYLE = Automatic;
				CURRENT_PROJECT_VERSION = 1;
				DEVELOPMENT_ASSET_PATHS = "\"BeChat/Preview Content\"";
				DEVELOPMENT_TEAM = NJ55RU4U3A;
				ENABLE_PREVIEWS = YES;
				GENERATE_INFOPLIST_FILE = YES;
				INFOPLIST_KEY_UIApplicationSceneManifest_Generation = YES;
				INFOPLIST_KEY_UIApplicationSupportsIndirectInputEvents = YES;
				INFOPLIST_KEY_UILaunchScreen_Generation = YES;
				INFOPLIST_KEY_UISupportedInterfaceOrientations_iPad = "UIInterfaceOrientationPortrait UIInterfaceOrientationPortraitUpsideDown UIInterfaceOrientationLandscapeLeft UIInterfaceOrientationLandscapeRight";
				INFOPLIST_KEY_UISupportedInterfaceOrientations_iPhone = "UIInterfaceOrientationPortrait UIInterfaceOrientationLandscapeLeft UIInterfaceOrientationLandscapeRight";
				LD_RUNPATH_SEARCH_PATHS = (
					"$(inherited)",
					"@executable_path/Frameworks",
				);
				MARKETING_VERSION = 1.0;
				PRODUCT_BUNDLE_IDENTIFIER = com.shuto.BeChat;
				PRODUCT_NAME = "$(TARGET_NAME)";
				SWIFT_EMIT_LOC_STRINGS = YES;
				SWIFT_VERSION = 5.0;
				TARGETED_DEVICE_FAMILY = "1,2";
			};
			name = Debug;
		};
		102B204B2C60722C00DCE393 /* Release */ = {
			isa = XCBuildConfiguration;
			buildSettings = {
				ASSETCATALOG_COMPILER_APPICON_NAME = AppIcon;
				ASSETCATALOG_COMPILER_GLOBAL_ACCENT_COLOR_NAME = AccentColor;
				CODE_SIGN_STYLE = Automatic;
				CURRENT_PROJECT_VERSION = 1;
				DEVELOPMENT_ASSET_PATHS = "\"BeChat/Preview Content\"";
				DEVELOPMENT_TEAM = NJ55RU4U3A;
				ENABLE_PREVIEWS = YES;
				GENERATE_INFOPLIST_FILE = YES;
				INFOPLIST_KEY_UIApplicationSceneManifest_Generation = YES;
				INFOPLIST_KEY_UIApplicationSupportsIndirectInputEvents = YES;
				INFOPLIST_KEY_UILaunchScreen_Generation = YES;
				INFOPLIST_KEY_UISupportedInterfaceOrientations_iPad = "UIInterfaceOrientationPortrait UIInterfaceOrientationPortraitUpsideDown UIInterfaceOrientationLandscapeLeft UIInterfaceOrientationLandscapeRight";
				INFOPLIST_KEY_UISupportedInterfaceOrientations_iPhone = "UIInterfaceOrientationPortrait UIInterfaceOrientationLandscapeLeft UIInterfaceOrientationLandscapeRight";
				LD_RUNPATH_SEARCH_PATHS = (
					"$(inherited)",
					"@executable_path/Frameworks",
				);
				MARKETING_VERSION = 1.0;
				PRODUCT_BUNDLE_IDENTIFIER = com.shuto.BeChat;
				PRODUCT_NAME = "$(TARGET_NAME)";
				SWIFT_EMIT_LOC_STRINGS = YES;
				SWIFT_VERSION = 5.0;
				TARGETED_DEVICE_FAMILY = "1,2";
			};
			name = Release;
		};
/* End XCBuildConfiguration section */

/* Begin XCConfigurationList section */
		102B20362C60722B00DCE393 /* Build configuration list for PBXProject "BeChat" */ = {
			isa = XCConfigurationList;
			buildConfigurations = (
				102B20472C60722C00DCE393 /* Debug */,
				102B20482C60722C00DCE393 /* Release */,
			);
			defaultConfigurationIsVisible = 0;
			defaultConfigurationName = Release;
		};
		102B20492C60722C00DCE393 /* Build configuration list for PBXNativeTarget "BeChat" */ = {
			isa = XCConfigurationList;
			buildConfigurations = (
				102B204A2C60722C00DCE393 /* Debug */,
				102B204B2C60722C00DCE393 /* Release */,
			);
			defaultConfigurationIsVisible = 0;
			defaultConfigurationName = Release;
		};
/* End XCConfigurationList section */

/* Begin XCRemoteSwiftPackageReference section */
		102B204E2C6075B100DCE393 /* XCRemoteSwiftPackageReference "firebase-ios-sdk" */ = {
			isa = XCRemoteSwiftPackageReference;
			repositoryURL = "https://github.com/firebase/firebase-ios-sdk.git";
			requirement = {
				kind = upToNextMajorVersion;
				minimumVersion = 11.0.0;
			};
		};
/* End XCRemoteSwiftPackageReference section */

/* Begin XCSwiftPackageProductDependency section */
		102B204F2C6075B100DCE393 /* FirebaseAnalytics */ = {
			isa = XCSwiftPackageProductDependency;
			package = 102B204E2C6075B100DCE393 /* XCRemoteSwiftPackageReference "firebase-ios-sdk" */;
			productName = FirebaseAnalytics;
		};
		102B20512C6075B100DCE393 /* FirebaseAuth */ = {
			isa = XCSwiftPackageProductDependency;
			package = 102B204E2C6075B100DCE393 /* XCRemoteSwiftPackageReference "firebase-ios-sdk" */;
			productName = FirebaseAuth;
		};
		102B20532C6075B100DCE393 /* FirebaseDatabase */ = {
			isa = XCSwiftPackageProductDependency;
			package = 102B204E2C6075B100DCE393 /* XCRemoteSwiftPackageReference "firebase-ios-sdk" */;
			productName = FirebaseDatabase;
		};
		102B20552C6075B100DCE393 /* FirebaseFirestore */ = {
			isa = XCSwiftPackageProductDependency;
			package = 102B204E2C6075B100DCE393 /* XCRemoteSwiftPackageReference "firebase-ios-sdk" */;
			productName = FirebaseFirestore;
		};
		102B20572C6075B100DCE393 /* FirebaseFirestoreCombine-Community */ = {
			isa = XCSwiftPackageProductDependency;
			package = 102B204E2C6075B100DCE393 /* XCRemoteSwiftPackageReference "firebase-ios-sdk" */;
			productName = "FirebaseFirestoreCombine-Community";
		};
		102B20592C6075B100DCE393 /* FirebaseInAppMessaging-Beta */ = {
			isa = XCSwiftPackageProductDependency;
			package = 102B204E2C6075B100DCE393 /* XCRemoteSwiftPackageReference "firebase-ios-sdk" */;
			productName = "FirebaseInAppMessaging-Beta";
		};
		102B205B2C6075B100DCE393 /* FirebaseMessaging */ = {
			isa = XCSwiftPackageProductDependency;
			package = 102B204E2C6075B100DCE393 /* XCRemoteSwiftPackageReference "firebase-ios-sdk" */;
			productName = FirebaseMessaging;
		};
		102B205D2C6075B100DCE393 /* FirebaseStorage */ = {
			isa = XCSwiftPackageProductDependency;
			package = 102B204E2C6075B100DCE393 /* XCRemoteSwiftPackageReference "firebase-ios-sdk" */;
			productName = FirebaseStorage;
		};
/* End XCSwiftPackageProductDependency section */
	};
	rootObject = 102B20332C60722B00DCE393 /* Project object */;
}
